
Microsoft Visual Studio Solution File, Format Version 12.00
# Visual Studio Version 17
VisualStudioVersion = 17.10.35013.160
MinimumVisualStudioVersion = 10.0.40219.1
Project("{9A19103F-16F7-4668-BE54-9A1E7A4F7556}") = "MovieStore", "MovieStore\MovieStore.csproj", "{90ED955A-8BC5-4155-805C-F83694E2C0E8}"
EndProject
Global
	GlobalSection(SolutionConfigurationPlatforms) = preSolution
		Debug|Any CPU = Debug|Any CPU
		Release|Any CPU = Release|Any CPU
	EndGlobalSection
	GlobalSection(ProjectConfigurationPlatforms) = postSolution
		{90ED955A-8BC5-4155-805C-F83694E2C0E8}.Debug|Any CPU.ActiveCfg = Debug|Any CPU
		{90ED955A-8BC5-4155-805C-F83694E2C0E8}.Debug|Any CPU.Build.0 = Debug|Any CPU
		{90ED955A-8BC5-4155-805C-F83694E2C0E8}.Release|Any CPU.ActiveCfg = Release|Any CPU
		{90ED955A-8BC5-4155-805C-F83694E2C0E8}.Release|Any CPU.Build.0 = Release|Any CPU
	EndGlobalSection
	GlobalSection(SolutionProperties) = preSolution
		HideSolutionNode = FALSE
	EndGlobalSection
	GlobalSection(ExtensibilityGlobals) = postSolution
		SolutionGuid = {6A0896AC-EB81-4885-A768-879DF1C9CC5E}
	EndGlobalSection
EndGlobal
